
Microsoft Visual Studio Solution File, Format Version 12.00
# Visual Studio Version 17
VisualStudioVersion = 17.2.32630.192
MinimumVisualStudioVersion = 10.0.40219.1
Project("{FAE04EC0-301F-11D3-BF4B-00C04F79EFBC}") = "DogInterface", "DogInterface\DogInterface.csproj", "{0C3CFFF0-5947-45B6-B61C-ABF6B970E7BF}"
EndProject
Global
	GlobalSection(SolutionConfigurationPlatforms) = preSolution
		Debug|Any CPU = Debug|Any CPU
		Release|Any CPU = Release|Any CPU
	EndGlobalSection
	GlobalSection(ProjectConfigurationPlatforms) = postSolution
		{0C3CFFF0-5947-45B6-B61C-ABF6B970E7BF}.Debug|Any CPU.ActiveCfg = Debug|Any CPU
		{0C3CFFF0-5947-45B6-B61C-ABF6B970E7BF}.Debug|Any CPU.Build.0 = Debug|Any CPU
		{0C3CFFF0-5947-45B6-B61C-ABF6B970E7BF}.Release|Any CPU.ActiveCfg = Release|Any CPU
		{0C3CFFF0-5947-45B6-B61C-ABF6B970E7BF}.Release|Any CPU.Build.0 = Release|Any CPU
	EndGlobalSection
	GlobalSection(SolutionProperties) = preSolution
		HideSolutionNode = FALSE
	EndGlobalSection
	GlobalSection(ExtensibilityGlobals) = postSolution
		SolutionGuid = {3B41CEAF-73A2-425A-9BE6-49DB75AD0DAD}
	EndGlobalSection
EndGlobal
